{
  "nodes": {
    "aquamarine": {
      "inputs": {
        "hyprutils": [
          "hyprland",
          "hyprutils"
        ],
        "hyprwayland-scanner": [
          "hyprland",
          "hyprwayland-scanner"
        ],
        "nixpkgs": [
          "hyprland",
          "nixpkgs"
        ],
        "systems": [
          "hyprland",
          "systems"
        ]
      },
      "locked": {
        "lastModified": 1739103745,
        "narHash": "sha256-c53dcRaw0F4Os9WD05HwIRs9kTDZw4Mxe1XK4edEALo=",
        "owner": "hyprwm",
        "repo": "aquamarine",
        "rev": "a3dda0d10ce9aa1d1dfb7a6c139ea8c2872c74bd",
        "type": "github"
      },
      "original": {
        "owner": "hyprwm",
        "repo": "aquamarine",
        "type": "github"
      }
    },
    "darwin": {
      "inputs": {
        "nixpkgs": [
          "nixpkgs"
        ]
      },
      "locked": {
        "lastModified": 1739553546,
        "narHash": "sha256-L4ou3xfOr17EAe836djRoQ7auVkYOREMtiQa82wVGqU=",
        "owner": "LnL7",
        "repo": "nix-darwin",
        "rev": "353846417f985e74fdc060555f17939e4472ea2c",
        "type": "github"
      },
      "original": {
        "owner": "LnL7",
        "ref": "nix-darwin-24.11",
        "repo": "nix-darwin",
        "type": "github"
      }
    },
    "fenix": {
      "inputs": {
        "nixpkgs": [
          "fh",
          "nixpkgs"
        ],
        "rust-analyzer-src": "rust-analyzer-src"
      },
      "locked": {
        "lastModified": 1727764514,
        "narHash": "sha256-tvN9v5gTxLI5zOKsNvYl1aUxIitHm8Nj3vKdXNfJo50=",
        "rev": "a9d2e5fa8d77af05240230c9569bbbddd28ccfaf",
        "revCount": 2029,
        "type": "tarball",
        "url": "https://api.flakehub.com/f/pinned/nix-community/fenix/0.1.2029%2Brev-a9d2e5fa8d77af05240230c9569bbbddd28ccfaf/01924729-44b5-7df4-a70d-d5e64656e243/source.tar.gz"
      },
      "original": {
        "type": "tarball",
        "url": "https://flakehub.com/f/nix-community/fenix/0.1.1584.tar.gz"
      }
    },
    "fh": {
      "inputs": {
        "fenix": "fenix",
        "naersk": "naersk",
        "nixpkgs": "nixpkgs"
      },
      "locked": {
        "lastModified": 1733503187,
        "narHash": "sha256-EepDB25iZ8li+fGwhqOqg7XipFBishv4SvcDE2FE+is=",
        "rev": "47747e4d3948aecca3f9728f95a2184031382ae7",
        "revCount": 649,
        "type": "tarball",
        "url": "https://api.flakehub.com/f/pinned/DeterminateSystems/fh/0.1.21/01939cd9-0100-787a-b2e7-3c5db5c31b04/source.tar.gz"
      },
      "original": {
        "type": "tarball",
        "url": "https://flakehub.com/f/DeterminateSystems/fh/%2A"
      }
    },
    "flake-compat": {
      "flake": false,
      "locked": {
        "lastModified": 1696426674,
        "narHash": "sha256-kvjfFW7WAETZlt09AgDn1MrtKzP7t90Vf7vypd3OL1U=",
        "owner": "edolstra",
        "repo": "flake-compat",
        "rev": "0f9255e01c2351cc7d116c072cb317785dd33b33",
        "type": "github"
      },
      "original": {
        "owner": "edolstra",
        "repo": "flake-compat",
        "type": "github"
      }
    },
    "flake-compat_2": {
      "flake": false,
      "locked": {
        "lastModified": 1733328505,
        "narHash": "sha256-NeCCThCEP3eCl2l/+27kNNK7QrwZB1IJCrXfrbv5oqU=",
        "owner": "edolstra",
        "repo": "flake-compat",
        "rev": "ff81ac966bb2cae68946d5ed5fc4994f96d0ffec",
        "type": "github"
      },
      "original": {
        "owner": "edolstra",
        "repo": "flake-compat",
        "type": "github"
      }
    },
    "flake-compat_3": {
      "flake": false,
      "locked": {
        "lastModified": 1696426674,
        "narHash": "sha256-kvjfFW7WAETZlt09AgDn1MrtKzP7t90Vf7vypd3OL1U=",
        "owner": "edolstra",
        "repo": "flake-compat",
        "rev": "0f9255e01c2351cc7d116c072cb317785dd33b33",
        "type": "github"
      },
      "original": {
        "owner": "edolstra",
        "repo": "flake-compat",
        "type": "github"
      }
    },
    "flake-compat_4": {
      "flake": false,
      "locked": {
        "lastModified": 1733328505,
        "narHash": "sha256-NeCCThCEP3eCl2l/+27kNNK7QrwZB1IJCrXfrbv5oqU=",
        "owner": "edolstra",
        "repo": "flake-compat",
        "rev": "ff81ac966bb2cae68946d5ed5fc4994f96d0ffec",
        "type": "github"
      },
      "original": {
        "owner": "edolstra",
        "repo": "flake-compat",
        "type": "github"
      }
    },
    "flake-parts": {
      "inputs": {
        "nixpkgs-lib": [
          "neovim-nightly-overlay",
          "nixpkgs"
        ]
      },
      "locked": {
        "lastModified": 1738453229,
        "narHash": "sha256-7H9XgNiGLKN1G1CgRh0vUL4AheZSYzPm+zmZ7vxbJdo=",
        "owner": "hercules-ci",
        "repo": "flake-parts",
        "rev": "32ea77a06711b758da0ad9bd6a844c5740a87abd",
        "type": "github"
      },
      "original": {
        "owner": "hercules-ci",
        "repo": "flake-parts",
        "type": "github"
      }
    },
    "flake-parts_2": {
      "inputs": {
        "nixpkgs-lib": [
          "neovim-nightly-overlay",
          "hercules-ci-effects",
          "nixpkgs"
        ]
      },
      "locked": {
        "lastModified": 1738453229,
        "narHash": "sha256-7H9XgNiGLKN1G1CgRh0vUL4AheZSYzPm+zmZ7vxbJdo=",
        "owner": "hercules-ci",
        "repo": "flake-parts",
        "rev": "32ea77a06711b758da0ad9bd6a844c5740a87abd",
        "type": "github"
      },
      "original": {
        "id": "flake-parts",
        "type": "indirect"
      }
    },
    "flake-utils": {
      "inputs": {
        "systems": "systems_2"
      },
      "locked": {
        "lastModified": 1731533236,
        "narHash": "sha256-l0KFg5HjrsfsO/JpG+r7fRrqm12kzFHyUHqHCVpMMbI=",
        "owner": "numtide",
        "repo": "flake-utils",
        "rev": "11707dc2f618dd54ca8739b309ec4fc024de578b",
        "type": "github"
      },
      "original": {
        "owner": "numtide",
        "repo": "flake-utils",
        "type": "github"
      }
    },
    "git-hooks": {
      "inputs": {
        "flake-compat": "flake-compat_3",
        "gitignore": "gitignore_2",
        "nixpkgs": [
          "neovim-nightly-overlay",
          "nixpkgs"
        ]
      },
      "locked": {
        "lastModified": 1737465171,
        "narHash": "sha256-R10v2hoJRLq8jcL4syVFag7nIGE7m13qO48wRIukWNg=",
        "owner": "cachix",
        "repo": "git-hooks.nix",
        "rev": "9364dc02281ce2d37a1f55b6e51f7c0f65a75f17",
        "type": "github"
      },
      "original": {
        "owner": "cachix",
        "repo": "git-hooks.nix",
        "type": "github"
      }
    },
    "gitignore": {
      "inputs": {
        "nixpkgs": [
          "hyprland",
          "pre-commit-hooks",
          "nixpkgs"
        ]
      },
      "locked": {
        "lastModified": 1709087332,
        "narHash": "sha256-HG2cCnktfHsKV0s4XW83gU3F57gaTljL9KNSuG6bnQs=",
        "owner": "hercules-ci",
        "repo": "gitignore.nix",
        "rev": "637db329424fd7e46cf4185293b9cc8c88c95394",
        "type": "github"
      },
      "original": {
        "owner": "hercules-ci",
        "repo": "gitignore.nix",
        "type": "github"
      }
    },
    "gitignore_2": {
      "inputs": {
        "nixpkgs": [
          "neovim-nightly-overlay",
          "git-hooks",
          "nixpkgs"
        ]
      },
      "locked": {
        "lastModified": 1709087332,
        "narHash": "sha256-HG2cCnktfHsKV0s4XW83gU3F57gaTljL9KNSuG6bnQs=",
        "owner": "hercules-ci",
        "repo": "gitignore.nix",
        "rev": "637db329424fd7e46cf4185293b9cc8c88c95394",
        "type": "github"
      },
      "original": {
        "owner": "hercules-ci",
        "repo": "gitignore.nix",
        "type": "github"
      }
    },
    "hercules-ci-effects": {
      "inputs": {
        "flake-parts": "flake-parts_2",
        "nixpkgs": [
          "neovim-nightly-overlay",
          "nixpkgs"
        ]
      },
      "locked": {
        "lastModified": 1739595404,
        "narHash": "sha256-0CjCfbq0yHWexOrpO06e2WU1r5JAqR6ffy1zgM3NksI=",
        "owner": "hercules-ci",
        "repo": "hercules-ci-effects",
        "rev": "06519cec8fb32d219006da6eacd255504a9996af",
        "type": "github"
      },
      "original": {
        "owner": "hercules-ci",
        "repo": "hercules-ci-effects",
        "type": "github"
      }
    },
    "home-manager": {
      "inputs": {
        "nixpkgs": [
          "nixpkgs"
        ]
      },
      "locked": {
        "lastModified": 1739757849,
        "narHash": "sha256-Gs076ot1YuAAsYVcyidLKUMIc4ooOaRGO0PqTY7sBzA=",
        "owner": "nix-community",
        "repo": "home-manager",
        "rev": "9d3d080aec2a35e05a15cedd281c2384767c2cfe",
        "type": "github"
      },
      "original": {
        "owner": "nix-community",
        "ref": "release-24.11",
        "repo": "home-manager",
        "type": "github"
      }
    },
    "hyprcursor": {
      "inputs": {
        "hyprlang": [
          "hyprland",
          "hyprlang"
        ],
        "nixpkgs": [
          "hyprland",
          "nixpkgs"
        ],
        "systems": [
          "hyprland",
          "systems"
        ]
      },
      "locked": {
        "lastModified": 1738664950,
        "narHash": "sha256-xIeGNM+iivwVHkv9tHwOqoUP5dDrtees34bbFKKMZYs=",
        "owner": "hyprwm",
        "repo": "hyprcursor",
        "rev": "7c6d165e1eb9045a996551eb9f121b6d1b30adc3",
        "type": "github"
      },
      "original": {
        "owner": "hyprwm",
        "repo": "hyprcursor",
        "type": "github"
      }
    },
    "hyprgraphics": {
      "inputs": {
        "hyprutils": [
          "hyprland",
          "hyprutils"
        ],
        "nixpkgs": [
          "hyprland",
          "nixpkgs"
        ],
        "systems": [
          "hyprland",
          "systems"
        ]
      },
      "locked": {
        "lastModified": 1739049071,
        "narHash": "sha256-3+7TpXMrbsUXSwgr5VAKAnmkzMb6JO+Rvc9XRb5NMg4=",
        "owner": "hyprwm",
        "repo": "hyprgraphics",
        "rev": "175c6b29b6ff82100539e7c4363a35a02c74dd73",
        "type": "github"
      },
      "original": {
        "owner": "hyprwm",
        "repo": "hyprgraphics",
        "type": "github"
      }
    },
    "hyprland": {
      "inputs": {
        "aquamarine": "aquamarine",
        "hyprcursor": "hyprcursor",
        "hyprgraphics": "hyprgraphics",
        "hyprland-protocols": "hyprland-protocols",
        "hyprland-qtutils": "hyprland-qtutils",
        "hyprlang": "hyprlang",
        "hyprutils": "hyprutils",
        "hyprwayland-scanner": "hyprwayland-scanner",
        "nixpkgs": "nixpkgs_2",
        "pre-commit-hooks": "pre-commit-hooks",
        "systems": "systems",
        "xdph": "xdph"
      },
      "locked": {
        "lastModified": 1739838816,
        "narHash": "sha256-EgKxEVus8CKEKnuJ8xZQtYmydMYJ8tnw7SbO+PtingQ=",
        "owner": "hyprwm",
        "repo": "Hyprland",
        "rev": "e59623d1d564089543cddb496fbed30fbd6ab247",
        "type": "github"
      },
      "original": {
        "owner": "hyprwm",
        "repo": "Hyprland",
        "type": "github"
      }
    },
    "hyprland-protocols": {
      "inputs": {
        "nixpkgs": [
          "hyprland",
          "nixpkgs"
        ],
        "systems": [
          "hyprland",
          "systems"
        ]
      },
      "locked": {
        "lastModified": 1738422629,
        "narHash": "sha256-5v+bv75wJWvahyM2xcMTSNNxmV8a7hb01Eey5zYnBJw=",
        "owner": "hyprwm",
        "repo": "hyprland-protocols",
        "rev": "755aef8dab49d0fc4663c715fa4ad221b2aedaed",
        "type": "github"
      },
      "original": {
        "owner": "hyprwm",
        "repo": "hyprland-protocols",
        "type": "github"
      }
    },
    "hyprland-qt-support": {
      "inputs": {
        "hyprlang": [
          "hyprland",
          "hyprland-qtutils",
          "hyprlang"
        ],
        "nixpkgs": [
          "hyprland",
          "hyprland-qtutils",
          "nixpkgs"
        ],
        "systems": [
          "hyprland",
          "hyprland-qtutils",
          "systems"
        ]
      },
      "locked": {
        "lastModified": 1737634706,
        "narHash": "sha256-nGCibkfsXz7ARx5R+SnisRtMq21IQIhazp6viBU8I/A=",
        "owner": "hyprwm",
        "repo": "hyprland-qt-support",
        "rev": "8810df502cdee755993cb803eba7b23f189db795",
        "type": "github"
      },
      "original": {
        "owner": "hyprwm",
        "repo": "hyprland-qt-support",
        "type": "github"
      }
    },
    "hyprland-qtutils": {
      "inputs": {
        "hyprland-qt-support": "hyprland-qt-support",
        "hyprlang": [
          "hyprland",
          "hyprlang"
        ],
        "hyprutils": [
          "hyprland",
          "hyprland-qtutils",
          "hyprlang",
          "hyprutils"
        ],
        "nixpkgs": [
          "hyprland",
          "nixpkgs"
        ],
        "systems": [
          "hyprland",
          "systems"
        ]
      },
      "locked": {
        "lastModified": 1739048983,
        "narHash": "sha256-REhTcXq4qs3B3cCDtLlYDz0GZvmsBSh947Ub6pQWGTQ=",
        "owner": "hyprwm",
        "repo": "hyprland-qtutils",
        "rev": "3504a293c8f8db4127cb0f7cfc1a318ffb4316f8",
        "type": "github"
      },
      "original": {
        "owner": "hyprwm",
        "repo": "hyprland-qtutils",
        "type": "github"
      }
    },
    "hyprlang": {
      "inputs": {
        "hyprutils": [
          "hyprland",
          "hyprutils"
        ],
        "nixpkgs": [
          "hyprland",
          "nixpkgs"
        ],
        "systems": [
          "hyprland",
          "systems"
        ]
      },
      "locked": {
        "lastModified": 1739048914,
        "narHash": "sha256-vd5rJBTmp2w7SDgfv23Zcd84ktI5eDA7e5UBzx+pKrU=",
        "owner": "hyprwm",
        "repo": "hyprlang",
        "rev": "a7334904d591f38757c46fbe2ab68651877d9099",
        "type": "github"
      },
      "original": {
        "owner": "hyprwm",
        "repo": "hyprlang",
        "type": "github"
      }
    },
    "hyprutils": {
      "inputs": {
        "nixpkgs": [
          "hyprland",
          "nixpkgs"
        ],
        "systems": [
          "hyprland",
          "systems"
        ]
      },
      "locked": {
        "lastModified": 1739048933,
        "narHash": "sha256-ck6MaoYvISBQKqZR+HcxXnx0wOhyCauxfVMaV5zhJxQ=",
        "owner": "hyprwm",
        "repo": "hyprutils",
        "rev": "e4e018a2ca6f5a9c33511973454199e1c7c85499",
        "type": "github"
      },
      "original": {
        "owner": "hyprwm",
        "repo": "hyprutils",
        "type": "github"
      }
    },
    "hyprwayland-scanner": {
      "inputs": {
        "nixpkgs": [
          "hyprland",
          "nixpkgs"
        ],
        "systems": [
          "hyprland",
          "systems"
        ]
      },
      "locked": {
        "lastModified": 1739049028,
        "narHash": "sha256-RleJp7LYbr6s+M1xgbmhtBs+fYa3ZdIiF7+QalJ4D1g=",
        "owner": "hyprwm",
        "repo": "hyprwayland-scanner",
        "rev": "04146df74a8d5ec0b579657307be01f1e241125f",
        "type": "github"
      },
      "original": {
        "owner": "hyprwm",
        "repo": "hyprwayland-scanner",
        "type": "github"
      }
    },
    "jujutsu": {
      "inputs": {
        "flake-utils": "flake-utils",
        "nixpkgs": "nixpkgs_3",
        "rust-overlay": "rust-overlay"
      },
      "locked": {
        "lastModified": 1739877862,
        "narHash": "sha256-UMY1PTtvbkfxsXyB1MbTsvOIIIcFGocw6ZLfWPM/9oY=",
        "owner": "martinvonz",
        "repo": "jj",
        "rev": "eefbcfb87f401d757892d89a234d51cc3aaf00b4",
        "type": "github"
      },
      "original": {
        "owner": "martinvonz",
        "repo": "jj",
        "type": "github"
      }
    },
    "naersk": {
      "inputs": {
        "nixpkgs": [
          "fh",
          "nixpkgs"
        ]
      },
      "locked": {
        "lastModified": 1721727458,
        "narHash": "sha256-r/xppY958gmZ4oTfLiHN0ZGuQ+RSTijDblVgVLFi1mw=",
        "rev": "3fb418eaf352498f6b6c30592e3beb63df42ef11",
        "revCount": 345,
        "type": "tarball",
        "url": "https://api.flakehub.com/f/pinned/nix-community/naersk/0.1.345%2Brev-3fb418eaf352498f6b6c30592e3beb63df42ef11/0190def5-5fc0-7c65-9b14-61402f53cd47/source.tar.gz"
      },
      "original": {
        "type": "tarball",
        "url": "https://flakehub.com/f/nix-community/naersk/0.1.345.tar.gz"
      }
    },
    "neovim-nightly-overlay": {
      "inputs": {
        "flake-compat": "flake-compat_2",
        "flake-parts": "flake-parts",
        "git-hooks": "git-hooks",
        "hercules-ci-effects": "hercules-ci-effects",
        "neovim-src": "neovim-src",
        "nixpkgs": "nixpkgs_4",
        "treefmt-nix": "treefmt-nix"
      },
      "locked": {
        "lastModified": 1739861549,
        "narHash": "sha256-8yNOGXNeWOM0dFGg2iCbdkQ5+IAwhEgn0e2jNeIlqBA=",
        "owner": "nix-community",
        "repo": "neovim-nightly-overlay",
        "rev": "499949a83c41db5265a30d883e2561f9f2339621",
        "type": "github"
      },
      "original": {
        "owner": "nix-community",
        "repo": "neovim-nightly-overlay",
        "type": "github"
      }
    },
    "neovim-src": {
      "flake": false,
      "locked": {
        "lastModified": 1739833174,
        "narHash": "sha256-wRLPbyVl44xdJxxi9/yY7qouHcB0qB9EsHPQ6PEvLAs=",
        "owner": "neovim",
        "repo": "neovim",
        "rev": "4a2a54f993e8e3c2b4dfd687386847207033b631",
        "type": "github"
      },
      "original": {
        "owner": "neovim",
        "repo": "neovim",
        "type": "github"
      }
    },
    "nixos-hardware": {
      "locked": {
        "lastModified": 1739798439,
        "narHash": "sha256-GyipmjbbQEaosel/+wq1xihCKbv0/e1LU00x/8b/fP4=",
        "owner": "NixOS",
        "repo": "nixos-hardware",
        "rev": "3e2ea8a49d4d76276b0f4e2041df8ca5c0771371",
        "type": "github"
      },
      "original": {
        "owner": "NixOS",
        "ref": "master",
        "repo": "nixos-hardware",
        "type": "github"
      }
    },
    "nixos-wsl": {
      "inputs": {
        "flake-compat": "flake-compat_4",
        "nixpkgs": [
          "nixpkgs"
        ]
      },
      "locked": {
        "lastModified": 1739782332,
        "narHash": "sha256-bPZKuual2WKfyHv7Wq+Owcj9R+i/qFzOWByqSS9rlxI=",
        "owner": "nix-community",
        "repo": "NixOS-WSL",
        "rev": "59bdbb1e75232bf1dd6d2a9313b9b6ddc5049ba2",
        "type": "github"
      },
      "original": {
        "owner": "nix-community",
        "repo": "NixOS-WSL",
        "type": "github"
      }
    },
    "nixpkgs": {
      "locked": {
        "lastModified": 1732981179,
        "narHash": "sha256-F7thesZPvAMSwjRu0K8uFshTk3ZZSNAsXTIFvXBT+34=",
        "rev": "62c435d93bf046a5396f3016472e8f7c8e2aed65",
        "revCount": 710050,
        "type": "tarball",
        "url": "https://api.flakehub.com/f/pinned/NixOS/nixpkgs/0.2411.710050%2Brev-62c435d93bf046a5396f3016472e8f7c8e2aed65/01938188-9ae4-7095-9c6e-c6e2ce4adf18/source.tar.gz"
      },
      "original": {
        "type": "tarball",
        "url": "https://flakehub.com/f/NixOS/nixpkgs/0.2411.%2A.tar.gz"
      }
    },
    "nixpkgs-unstable": {
      "locked": {
        "lastModified": 1739834344,
        "narHash": "sha256-PUAcU3YlKNFYrBBHkqshO4wRfMunzhMTEIH1dyhjTtk=",
        "owner": "nixos",
        "repo": "nixpkgs",
        "rev": "f0295845e58ada369322524631821b01c0db13a7",
        "type": "github"
      },
      "original": {
        "owner": "nixos",
        "ref": "nixpkgs-unstable",
        "repo": "nixpkgs",
        "type": "github"
      }
    },
    "nixpkgs_2": {
      "locked": {
        "lastModified": 1739020877,
        "narHash": "sha256-mIvECo/NNdJJ/bXjNqIh8yeoSjVLAuDuTUzAo7dzs8Y=",
        "owner": "NixOS",
        "repo": "nixpkgs",
        "rev": "a79cfe0ebd24952b580b1cf08cd906354996d547",
        "type": "github"
      },
      "original": {
        "owner": "NixOS",
        "ref": "nixos-unstable",
        "repo": "nixpkgs",
        "type": "github"
      }
    },
    "nixpkgs_3": {
      "locked": {
        "lastModified": 1737557748,
        "narHash": "sha256-BaMuhctP1x00+8cBE2cJveJQb70/tWHI50MHj/ZrtOY=",
        "owner": "NixOS",
        "repo": "nixpkgs",
        "rev": "606996d74f6e2a12635d41c1bf58bfc7ea3bb5ec",
        "type": "github"
      },
      "original": {
        "owner": "NixOS",
        "ref": "nixpkgs-unstable",
        "repo": "nixpkgs",
        "type": "github"
      }
    },
    "nixpkgs_4": {
      "locked": {
        "lastModified": 1739742245,
        "narHash": "sha256-oAgAV4fLWMIPqsEyZVVdk7c0SUdDOV1E7Epq0EIUQs4=",
        "owner": "NixOS",
        "repo": "nixpkgs",
        "rev": "f0204ef4baa3b6317dee1c84ddeffbd293638836",
        "type": "github"
      },
      "original": {
        "owner": "NixOS",
        "ref": "nixpkgs-unstable",
        "repo": "nixpkgs",
        "type": "github"
      }
    },
    "nixpkgs_5": {
      "locked": {
        "lastModified": 1739758141,
        "narHash": "sha256-uq6A2L7o1/tR6VfmYhZWoVAwb3gTy7j4Jx30MIrH0rE=",
        "owner": "nixos",
        "repo": "nixpkgs",
        "rev": "c618e28f70257593de75a7044438efc1c1fc0791",
        "type": "github"
      },
      "original": {
        "owner": "nixos",
        "ref": "nixos-24.11",
        "repo": "nixpkgs",
        "type": "github"
      }
    },
    "nvim-conform": {
      "flake": false,
      "locked": {
        "lastModified": 1723784512,
        "narHash": "sha256-THl44vHBvgdaYXAUl6g1ccR2mYTBBVizgnqT2MbRngw=",
        "owner": "stevearc",
        "repo": "conform.nvim",
        "rev": "8b5e13c1af3211f5bb5e091992aba8629312e514",
        "type": "github"
      },
      "original": {
        "owner": "stevearc",
        "ref": "v7.1.0",
        "repo": "conform.nvim",
        "type": "github"
      }
    },
    "nvim-dressing": {
      "flake": false,
      "locked": {
        "lastModified": 1739381641,
        "narHash": "sha256-dBz+/gZA6O6fJy/GSgM6ZHGAR3MTGt/W1olzzTYRlgM=",
        "owner": "stevearc",
        "repo": "dressing.nvim",
        "rev": "2d7c2db2507fa3c4956142ee607431ddb2828639",
        "type": "github"
      },
      "original": {
        "owner": "stevearc",
        "repo": "dressing.nvim",
        "type": "github"
      }
    },
    "nvim-gitsigns": {
      "flake": false,
      "locked": {
        "lastModified": 1718276179,
        "narHash": "sha256-AbnjBqKLhOGMGBXBnu9zbL3PG7rKmAoYtxY17kzFEIA=",
        "owner": "lewis6991",
        "repo": "gitsigns.nvim",
        "rev": "0b04035bb7b3c83e999b9676e2fb46fd0aa9f910",
        "type": "github"
      },
      "original": {
        "owner": "lewis6991",
        "ref": "v0.9.0",
        "repo": "gitsigns.nvim",
        "type": "github"
      }
    },
    "nvim-lspconfig": {
      "flake": false,
      "locked": {
        "lastModified": 1739550566,
        "narHash": "sha256-HY68FeThIYpRWiMQpFy5kVrXdPt/cjZbjgE9NOxo/ak=",
        "owner": "neovim",
        "repo": "nvim-lspconfig",
        "rev": "7af2c37192deae28d1305ae9e68544f7fb5408e1",
        "type": "github"
      },
      "original": {
        "owner": "neovim",
        "repo": "nvim-lspconfig",
        "type": "github"
      }
    },
    "nvim-lualine": {
      "flake": false,
      "locked": {
        "lastModified": 1738997087,
        "narHash": "sha256-uAxe3UdNUVfdpQcKvGvQ/E2blGksvMPlTBfEOtgeVYo=",
        "owner": "nvim-lualine",
        "repo": "lualine.nvim",
        "rev": "f4f791f67e70d378a754d02da068231d2352e5bc",
        "type": "github"
      },
      "original": {
        "owner": "nvim-lualine",
        "repo": "lualine.nvim",
        "type": "github"
      }
    },
    "nvim-nui": {
      "flake": false,
      "locked": {
        "lastModified": 1733856815,
        "narHash": "sha256-6U7E/i5FuNXQy+sF4C5DVxuTPqNKD5wxUgFohpOjm9Q=",
        "owner": "MunifTanjim",
        "repo": "nui.nvim",
        "rev": "53e907ffe5eedebdca1cd503b00aa8692068ca46",
        "type": "github"
      },
      "original": {
        "owner": "MunifTanjim",
        "repo": "nui.nvim",
        "type": "github"
      }
    },
    "nvim-plenary": {
      "flake": false,
      "locked": {
        "lastModified": 1739311008,
        "narHash": "sha256-8FV5RjF7QbDmQOQynpK7uRKONKbPRYbOPugf9ZxNvUs=",
        "owner": "nvim-lua",
        "repo": "plenary.nvim",
        "rev": "857c5ac632080dba10aae49dba902ce3abf91b35",
        "type": "github"
      },
      "original": {
        "owner": "nvim-lua",
        "repo": "plenary.nvim",
        "type": "github"
      }
    },
    "nvim-telescope": {
      "flake": false,
      "locked": {
        "lastModified": 1716532947,
        "narHash": "sha256-e1ulhc4IIvUgpjKQrSqPY4WpXuez6wlxL6Min9U0o5Q=",
        "owner": "nvim-telescope",
        "repo": "telescope.nvim",
        "rev": "a0bbec21143c7bc5f8bb02e0005fa0b982edc026",
        "type": "github"
      },
      "original": {
        "owner": "nvim-telescope",
        "ref": "0.1.8",
        "repo": "telescope.nvim",
        "type": "github"
      }
    },
    "nvim-treesitter": {
      "flake": false,
      "locked": {
        "lastModified": 1705679158,
        "narHash": "sha256-zAyiitJIgOCZTB0CmgNt0MHENM70SOHLIoWrVwOJKFg=",
        "owner": "nvim-treesitter",
        "repo": "nvim-treesitter",
        "rev": "f197a15b0d1e8d555263af20add51450e5aaa1f0",
        "type": "github"
      },
      "original": {
        "owner": "nvim-treesitter",
        "ref": "v0.9.2",
        "repo": "nvim-treesitter",
        "type": "github"
      }
    },
    "nvim-web-devicons": {
      "flake": false,
      "locked": {
        "lastModified": 1739285356,
        "narHash": "sha256-WOFtHvNlPP1JRLdCfFRXEOUx+1z5d5ncm+pS0wpDjAg=",
        "owner": "nvim-tree",
        "repo": "nvim-web-devicons",
        "rev": "1020869742ecb191f260818234517f4a1515cfe8",
        "type": "github"
      },
      "original": {
        "owner": "nvim-tree",
        "repo": "nvim-web-devicons",
        "type": "github"
      }
    },
    "pre-commit-hooks": {
      "inputs": {
        "flake-compat": "flake-compat",
        "gitignore": "gitignore",
        "nixpkgs": [
          "hyprland",
          "nixpkgs"
        ]
      },
      "locked": {
        "lastModified": 1737465171,
        "narHash": "sha256-R10v2hoJRLq8jcL4syVFag7nIGE7m13qO48wRIukWNg=",
        "owner": "cachix",
        "repo": "git-hooks.nix",
        "rev": "9364dc02281ce2d37a1f55b6e51f7c0f65a75f17",
        "type": "github"
      },
      "original": {
        "owner": "cachix",
        "repo": "git-hooks.nix",
        "type": "github"
      }
    },
    "root": {
      "inputs": {
        "darwin": "darwin",
        "fh": "fh",
        "home-manager": "home-manager",
        "hyprland": "hyprland",
        "jujutsu": "jujutsu",
        "neovim-nightly-overlay": "neovim-nightly-overlay",
        "nixos-hardware": "nixos-hardware",
        "nixos-wsl": "nixos-wsl",
        "nixpkgs": "nixpkgs_5",
        "nixpkgs-unstable": "nixpkgs-unstable",
        "nvim-conform": "nvim-conform",
        "nvim-dressing": "nvim-dressing",
        "nvim-gitsigns": "nvim-gitsigns",
        "nvim-lspconfig": "nvim-lspconfig",
        "nvim-lualine": "nvim-lualine",
        "nvim-nui": "nvim-nui",
        "nvim-plenary": "nvim-plenary",
        "nvim-telescope": "nvim-telescope",
        "nvim-treesitter": "nvim-treesitter",
        "nvim-web-devicons": "nvim-web-devicons",
        "vim-copilot": "vim-copilot"
      }
    },
    "rust-analyzer-src": {
      "flake": false,
      "locked": {
        "lastModified": 1727706011,
        "narHash": "sha256-xxgUHwwJ+1xQQoUWvLDo807IZ0MDldkfr9N1G4fvNJU=",
        "owner": "rust-lang",
        "repo": "rust-analyzer",
        "rev": "28830ff2f1158ee92f4852ef3ec35af0935d1562",
        "type": "github"
      },
      "original": {
        "owner": "rust-lang",
        "ref": "nightly",
        "repo": "rust-analyzer",
        "type": "github"
      }
    },
    "rust-overlay": {
      "inputs": {
        "nixpkgs": [
          "jujutsu",
          "nixpkgs"
        ]
      },
      "locked": {
        "lastModified": 1737685583,
        "narHash": "sha256-p+NVABRpGi+pT+xxf9HcLcFVxG6L+vEEy+NwzB9T0f8=",
        "owner": "oxalica",
        "repo": "rust-overlay",
        "rev": "eb64cbcc8eee0fa87ebded92805280d2ec97415a",
        "type": "github"
      },
      "original": {
        "owner": "oxalica",
        "repo": "rust-overlay",
        "type": "github"
      }
    },
    "systems": {
      "locked": {
        "lastModified": 1689347949,
        "narHash": "sha256-12tWmuL2zgBgZkdoB6qXZsgJEH9LR3oUgpaQq2RbI80=",
        "owner": "nix-systems",
        "repo": "default-linux",
        "rev": "31732fcf5e8fea42e59c2488ad31a0e651500f68",
        "type": "github"
      },
      "original": {
        "owner": "nix-systems",
        "repo": "default-linux",
        "type": "github"
      }
    },
    "systems_2": {
      "locked": {
        "lastModified": 1681028828,
        "narHash": "sha256-Vy1rq5AaRuLzOxct8nz4T6wlgyUR7zLU309k9mBC768=",
        "owner": "nix-systems",
        "repo": "default",
        "rev": "da67096a3b9bf56a91d16901293e51ba5b49a27e",
        "type": "github"
      },
      "original": {
        "owner": "nix-systems",
        "repo": "default",
        "type": "github"
      }
    },
    "treefmt-nix": {
      "inputs": {
        "nixpkgs": [
          "neovim-nightly-overlay",
          "nixpkgs"
        ]
      },
      "locked": {
        "lastModified": 1739829690,
        "narHash": "sha256-mL1szCeIsjh6Khn3nH2cYtwO5YXG6gBiTw1A30iGeDU=",
        "owner": "numtide",
        "repo": "treefmt-nix",
        "rev": "3d0579f5cc93436052d94b73925b48973a104204",
        "type": "github"
      },
      "original": {
        "owner": "numtide",
        "repo": "treefmt-nix",
        "type": "github"
      }
    },
    "vim-copilot": {
      "flake": false,
      "locked": {
        "lastModified": 1728401940,
        "narHash": "sha256-9264TNocFvtC2znvgfjpwLWBTGfg1U5Fr0dZkkyCYpQ=",
        "owner": "github",
        "repo": "copilot.vim",
        "rev": "87038123804796ca7af20d1b71c3428d858a9124",
        "type": "github"
      },
      "original": {
        "owner": "github",
        "ref": "v1.41.0",
        "repo": "copilot.vim",
        "type": "github"
      }
    },
    "xdph": {
      "inputs": {
        "hyprland-protocols": [
          "hyprland",
          "hyprland-protocols"
        ],
        "hyprlang": [
          "hyprland",
          "hyprlang"
        ],
        "hyprutils": [
          "hyprland",
          "hyprutils"
        ],
        "hyprwayland-scanner": [
          "hyprland",
          "hyprwayland-scanner"
        ],
        "nixpkgs": [
          "hyprland",
          "nixpkgs"
        ],
        "systems": [
          "hyprland",
          "systems"
        ]
      },
      "locked": {
        "lastModified": 1737634991,
        "narHash": "sha256-dBAnb7Kbnier30cA7AgxVSxxARmxKZ1vHZT33THSIr8=",
        "owner": "hyprwm",
        "repo": "xdg-desktop-portal-hyprland",
        "rev": "e09dfe2726c8008f983e45a0aa1a3b7416aaeb8a",
        "type": "github"
      },
      "original": {
        "owner": "hyprwm",
        "repo": "xdg-desktop-portal-hyprland",
        "type": "github"
      }
    }
  },
  "root": "root",
  "version": 7
}
